
Microsoft Visual Studio Solution File, Format Version 12.00
# Visual Studio Version 17
VisualStudioVersion = 17.2.32630.192
MinimumVisualStudioVersion = 10.0.40219.1
Project("{FAE04EC0-301F-11D3-BF4B-00C04F79EFBC}") = "WebApp", "WebApp\WebApp.csproj", "{058DCABA-C86B-4362-8F65-BEA5A4495EF6}"
EndProject
Global
	GlobalSection(SolutionConfigurationPlatforms) = preSolution
		Debug|Any CPU = Debug|Any CPU
		Release|Any CPU = Release|Any CPU
	EndGlobalSection
	GlobalSection(ProjectConfigurationPlatforms) = postSolution
		{058DCABA-C86B-4362-8F65-BEA5A4495EF6}.Debug|Any CPU.ActiveCfg = Debug|Any CPU
		{058DCABA-C86B-4362-8F65-BEA5A4495EF6}.Debug|Any CPU.Build.0 = Debug|Any CPU
		{058DCABA-C86B-4362-8F65-BEA5A4495EF6}.Release|Any CPU.ActiveCfg = Release|Any CPU
		{058DCABA-C86B-4362-8F65-BEA5A4495EF6}.Release|Any CPU.Build.0 = Release|Any CPU
	EndGlobalSection
	GlobalSection(SolutionProperties) = preSolution
		HideSolutionNode = FALSE
	EndGlobalSection
	GlobalSection(ExtensibilityGlobals) = postSolution
		SolutionGuid = {DE0AB461-B80F-4D24-A9FF-2792073479F8}
	EndGlobalSection
EndGlobal
